
Microsoft Visual Studio Solution File, Format Version 12.00
Project("{2150E333-8FDC-42A3-9474-1A3956D46DE8}") = "Services", "Services", "{3D6C5B6B-B37A-4F95-971A-5B73B15FDEEC}"
	ProjectSection(SolutionItems) = preProject
		Dockerfile = Dockerfile
		.dockerignore = .dockerignore
		docker-compose.yml = docker-compose.yml
	EndProjectSection
EndProject
Project("{2150E333-8FDC-42A3-9474-1A3956D46DE8}") = "Catalog", "Catalog", "{7BE4081C-ECD1-4A96-8E8D-68981CECCE9F}"
EndProject
Project("{FAE04EC0-301F-11D3-BF4B-00C04F79EFBC}") = "Catalog.API", "Catalog.API\Catalog.API.csproj", "{0E8855BE-5A4A-460B-97E7-113682E117FC}"
EndProject
Project("{2150E333-8FDC-42A3-9474-1A3956D46DE8}") = "Basket", "Basket", "{303FA071-4CCB-4701-AD53-BDC530E54BFC}"
EndProject
Project("{FAE04EC0-301F-11D3-BF4B-00C04F79EFBC}") = "Basket.API", "Basket.API\Basket.API.csproj", "{4443E292-2D52-47D5-B103-3F5A6B47C8B2}"
EndProject
Global
	GlobalSection(SolutionConfigurationPlatforms) = preSolution
		Debug|Any CPU = Debug|Any CPU
		Release|Any CPU = Release|Any CPU
	EndGlobalSection
	GlobalSection(NestedProjects) = preSolution
		{7BE4081C-ECD1-4A96-8E8D-68981CECCE9F} = {3D6C5B6B-B37A-4F95-971A-5B73B15FDEEC}
		{0E8855BE-5A4A-460B-97E7-113682E117FC} = {7BE4081C-ECD1-4A96-8E8D-68981CECCE9F}
		{303FA071-4CCB-4701-AD53-BDC530E54BFC} = {3D6C5B6B-B37A-4F95-971A-5B73B15FDEEC}
		{4443E292-2D52-47D5-B103-3F5A6B47C8B2} = {303FA071-4CCB-4701-AD53-BDC530E54BFC}
	EndGlobalSection
	GlobalSection(ProjectConfigurationPlatforms) = postSolution
		{0E8855BE-5A4A-460B-97E7-113682E117FC}.Debug|Any CPU.ActiveCfg = Debug|Any CPU
		{0E8855BE-5A4A-460B-97E7-113682E117FC}.Debug|Any CPU.Build.0 = Debug|Any CPU
		{0E8855BE-5A4A-460B-97E7-113682E117FC}.Release|Any CPU.ActiveCfg = Release|Any CPU
		{0E8855BE-5A4A-460B-97E7-113682E117FC}.Release|Any CPU.Build.0 = Release|Any CPU
		{4443E292-2D52-47D5-B103-3F5A6B47C8B2}.Debug|Any CPU.ActiveCfg = Debug|Any CPU
		{4443E292-2D52-47D5-B103-3F5A6B47C8B2}.Debug|Any CPU.Build.0 = Debug|Any CPU
		{4443E292-2D52-47D5-B103-3F5A6B47C8B2}.Release|Any CPU.ActiveCfg = Release|Any CPU
		{4443E292-2D52-47D5-B103-3F5A6B47C8B2}.Release|Any CPU.Build.0 = Release|Any CPU
	EndGlobalSection
EndGlobal
