
Microsoft Visual Studio Solution File, Format Version 12.00
Project("{FAE04EC0-301F-11D3-BF4B-00C04F79EFBC}") = "Basket.API", "Services\Basket\Basket.API\Basket.API.csproj", "{BD66243C-4B46-4285-AE45-A394F2E1484F}"
EndProject
Project("{FAE04EC0-301F-11D3-BF4B-00C04F79EFBC}") = "Discount.API", "Services\Discount\Discount.API\Discount.API.csproj", "{A2175A7F-ADD8-4D32-A810-3413EF3DD30B}"
EndProject
Project("{FAE04EC0-301F-11D3-BF4B-00C04F79EFBC}") = "Catalog.API", "Services\Catalog\Catalog.API\Catalog.API.csproj", "{836C8837-6315-46F4-AA8C-A57C63487BB9}"
EndProject
Project("{FAE04EC0-301F-11D3-BF4B-00C04F79EFBC}") = "Discount.Grpc", "Services\Discount\Discount.Grpc\Discount.Grpc.csproj", "{627FAB60-3EB5-4C0D-A96C-9C62D7FD6621}"
EndProject
Project("{2150E333-8FDC-42A3-9474-1A3956D46DE8}") = "Services", "Services", "{5A1E0BDC-922D-4634-8305-4BA5E8D6DB8F}"
EndProject
Project("{2150E333-8FDC-42A3-9474-1A3956D46DE8}") = "Discount", "Discount", "{D1DB2EF6-739B-46B9-AFE2-260A8932B5E9}"
EndProject
Project("{2150E333-8FDC-42A3-9474-1A3956D46DE8}") = "Basket", "Basket", "{F8896EAD-8F90-44D0-B5B2-BEB4F0992EF1}"
EndProject
Project("{2150E333-8FDC-42A3-9474-1A3956D46DE8}") = "Catalog", "Catalog", "{F5D3123E-B4CE-45B8-811F-7AFA99609379}"
EndProject
Global
	GlobalSection(SolutionConfigurationPlatforms) = preSolution
		Debug|Any CPU = Debug|Any CPU
		Release|Any CPU = Release|Any CPU
	EndGlobalSection
	GlobalSection(NestedProjects) = preSolution
		{D1DB2EF6-739B-46B9-AFE2-260A8932B5E9} = {5A1E0BDC-922D-4634-8305-4BA5E8D6DB8F}
		{627FAB60-3EB5-4C0D-A96C-9C62D7FD6621} = {D1DB2EF6-739B-46B9-AFE2-260A8932B5E9}
		{A2175A7F-ADD8-4D32-A810-3413EF3DD30B} = {D1DB2EF6-739B-46B9-AFE2-260A8932B5E9}
		{F8896EAD-8F90-44D0-B5B2-BEB4F0992EF1} = {5A1E0BDC-922D-4634-8305-4BA5E8D6DB8F}
		{BD66243C-4B46-4285-AE45-A394F2E1484F} = {F8896EAD-8F90-44D0-B5B2-BEB4F0992EF1}
		{F5D3123E-B4CE-45B8-811F-7AFA99609379} = {5A1E0BDC-922D-4634-8305-4BA5E8D6DB8F}
		{836C8837-6315-46F4-AA8C-A57C63487BB9} = {F5D3123E-B4CE-45B8-811F-7AFA99609379}
	EndGlobalSection
	GlobalSection(ProjectConfigurationPlatforms) = postSolution
		{BD66243C-4B46-4285-AE45-A394F2E1484F}.Debug|Any CPU.ActiveCfg = Debug|Any CPU
		{BD66243C-4B46-4285-AE45-A394F2E1484F}.Debug|Any CPU.Build.0 = Debug|Any CPU
		{BD66243C-4B46-4285-AE45-A394F2E1484F}.Release|Any CPU.ActiveCfg = Release|Any CPU
		{BD66243C-4B46-4285-AE45-A394F2E1484F}.Release|Any CPU.Build.0 = Release|Any CPU
		{A2175A7F-ADD8-4D32-A810-3413EF3DD30B}.Debug|Any CPU.ActiveCfg = Debug|Any CPU
		{A2175A7F-ADD8-4D32-A810-3413EF3DD30B}.Debug|Any CPU.Build.0 = Debug|Any CPU
		{A2175A7F-ADD8-4D32-A810-3413EF3DD30B}.Release|Any CPU.ActiveCfg = Release|Any CPU
		{A2175A7F-ADD8-4D32-A810-3413EF3DD30B}.Release|Any CPU.Build.0 = Release|Any CPU
		{836C8837-6315-46F4-AA8C-A57C63487BB9}.Debug|Any CPU.ActiveCfg = Debug|Any CPU
		{836C8837-6315-46F4-AA8C-A57C63487BB9}.Debug|Any CPU.Build.0 = Debug|Any CPU
		{836C8837-6315-46F4-AA8C-A57C63487BB9}.Release|Any CPU.ActiveCfg = Release|Any CPU
		{836C8837-6315-46F4-AA8C-A57C63487BB9}.Release|Any CPU.Build.0 = Release|Any CPU
		{627FAB60-3EB5-4C0D-A96C-9C62D7FD6621}.Debug|Any CPU.ActiveCfg = Debug|Any CPU
		{627FAB60-3EB5-4C0D-A96C-9C62D7FD6621}.Debug|Any CPU.Build.0 = Debug|Any CPU
		{627FAB60-3EB5-4C0D-A96C-9C62D7FD6621}.Release|Any CPU.ActiveCfg = Release|Any CPU
		{627FAB60-3EB5-4C0D-A96C-9C62D7FD6621}.Release|Any CPU.Build.0 = Release|Any CPU
	EndGlobalSection
EndGlobal
